
Microsoft Visual Studio Solution File, Format Version 12.00
# Visual Studio Version 17
VisualStudioVersion = 17.3.32901.215
MinimumVisualStudioVersion = 10.0.40219.1
Project("{FAE04EC0-301F-11D3-BF4B-00C04F79EFBC}") = "currency converter v5", "currency converter v5.csproj", "{198AFAE4-7120-4644-B18D-D1401BF80181}"
EndProject
Global
	GlobalSection(SolutionConfigurationPlatforms) = preSolution
		Debug|Any CPU = Debug|Any CPU
		Release|Any CPU = Release|Any CPU
	EndGlobalSection
	GlobalSection(ProjectConfigurationPlatforms) = postSolution
		{198AFAE4-7120-4644-B18D-D1401BF80181}.Debug|Any CPU.ActiveCfg = Debug|Any CPU
		{198AFAE4-7120-4644-B18D-D1401BF80181}.Debug|Any CPU.Build.0 = Debug|Any CPU
		{198AFAE4-7120-4644-B18D-D1401BF80181}.Release|Any CPU.ActiveCfg = Release|Any CPU
		{198AFAE4-7120-4644-B18D-D1401BF80181}.Release|Any CPU.Build.0 = Release|Any CPU
	EndGlobalSection
	GlobalSection(SolutionProperties) = preSolution
		HideSolutionNode = FALSE
	EndGlobalSection
	GlobalSection(ExtensibilityGlobals) = postSolution
		SolutionGuid = {36FB4276-35A4-4C58-93AF-6302BB18B0D6}
	EndGlobalSection
EndGlobal
